{
  "version": "5",
  "redirects": {
    "https://esm.sh/@supabase/functions-js@^2.0.0?target=denonext": "https://esm.sh/@supabase/functions-js@2.112.4?target=denonext",
    "https://esm.sh/@supabase/gotrue-js@^2.0.1?target=denonext": "https://esm.sh/@supabase/gotrue-js@2.112.4?target=denonext",
    "https://esm.sh/@supabase/node-fetch@^2.6.14?target=denonext": "https://esm.sh/@supabase/node-fetch@2.6.15?target=denonext",
    "https://esm.sh/@supabase/postgrest-js@^1.0.0?target=denonext": "https://esm.sh/@supabase/postgrest-js@1.21.4?target=denonext",
    "https://esm.sh/@supabase/realtime-js@^2.0.0?target=denonext": "https://esm.sh/@supabase/realtime-js@2.112.4?target=denonext",
    "https://esm.sh/@supabase/storage-js@^2.0.0?target=denonext": "https://esm.sh/@supabase/storage-js@2.112.4?target=denonext",
    "https://esm.sh/iceberg-js@^0.8.1?target=denonext": "https://esm.sh/iceberg-js@0.8.1?target=denonext",
    "https://esm.sh/tr46@~0.0.3?target=denonext": "https://esm.sh/tr46@0.0.3?target=denonext",
    "https://esm.sh/webidl-conversions@^3.0.0?target=denonext": "https://esm.sh/webidl-conversions@3.0.1?target=denonext",
    "https://esm.sh/whatwg-url@^5.0.0?target=denonext": "https://esm.sh/whatwg-url@5.0.0?target=denonext"
  },
  "remote": {
    "https://deno.land/std@0.177.0/async/abortable.ts": "73acfb3ed7261ce0d930dbe89e43db8d34e017b063cf0eaa7d215477bf53442e",
    "https://deno.land/std@0.177.0/async/deadline.ts": "c5facb0b404eede83e38bd2717ea8ab34faa2ffb20ef87fd261fcba32ba307aa",
    "https://deno.land/std@0.177.0/async/debounce.ts": "adab11d04ca38d699444ac8a9d9856b4155e8dda2afd07ce78276c01ea5a4332",
    "https://deno.land/std@0.177.0/async/deferred.ts": "42790112f36a75a57db4a96d33974a936deb7b04d25c6084a9fa8a49f135def8",
    "https://deno.land/std@0.177.0/async/delay.ts": "73aa04cec034c84fc748c7be49bb15cac3dd43a57174bfdb7a4aec22c248f0dd",
    "https://deno.land/std@0.177.0/async/mod.ts": "f04344fa21738e5ad6bea37a6bfffd57c617c2d372bb9f9dcfd118a1b622e576",
    "https://deno.land/std@0.177.0/async/mux_async_iterator.ts": "70c7f2ee4e9466161350473ad61cac0b9f115cff4c552eaa7ef9d50c4cbb4cc9",
    "https://deno.land/std@0.177.0/async/pool.ts": "fd082bd4aaf26445909889435a5c74334c017847842ec035739b4ae637ae8260",
    "https://deno.land/std@0.177.0/async/retry.ts": "5efa3ba450ac0c07a40a82e2df296287b5013755d232049efd7ea2244f15b20f",
    "https://deno.land/std@0.177.0/async/tee.ts": "47e42d35f622650b02234d43803d0383a89eb4387e1b83b5a40106d18ae36757",
    "https://deno.land/std@0.177.0/fmt/colors.ts": "938c5d44d889fb82eff6c358bea8baa7e85950a16c9f6dae3ec3a7a729164471",
    "https://deno.land/std@0.177.0/http/server.ts": "cbb17b594651215ba95c01a395700684e569c165a567e4e04bba327f41197433",
    "https://deno.land/std@0.177.0/testing/_diff.ts": "1a3c044aedf77647d6cac86b798c6417603361b66b54c53331b312caeb447aea",
    "https://deno.land/std@0.177.0/testing/_format.ts": "a69126e8a469009adf4cf2a50af889aca364c349797e63174884a52ff75cf4c7",
    "https://deno.land/std@0.177.0/testing/asserts.ts": "984ab0bfb3faeed92ffaa3a6b06536c66811185328c5dd146257c702c41b01ab",
    "https://esm.sh/@supabase/functions-js@2.112.4/denonext/functions-js.mjs": "7338cd7ea295b160f183d05c868a0a03a627da83e0020b1239c8060f8eb72016",
    "https://esm.sh/@supabase/functions-js@2.112.4?target=denonext": "a41202b156f06cad4cf44ad473ed3655bc0f2860f278bd033543aac97ca0e128",
    "https://esm.sh/@supabase/gotrue-js@2.112.4/denonext/gotrue-js.mjs": "93ed9a69b8f3d697f2358bbec4ce9ebc7c9b07c4b293f48d2e9ab988ad3d3eb8",
    "https://esm.sh/@supabase/gotrue-js@2.112.4?target=denonext": "cb992079979d5dec68b02ea7363ef097af6106f78a571bce3a521a33406bd324",
    "https://esm.sh/@supabase/node-fetch@2.6.15/denonext/node-fetch.mjs": "0bae9052231f4f6dbccc7234d05ea96923dbf967be12f402764580b6bf9f713d",
    "https://esm.sh/@supabase/node-fetch@2.6.15?target=denonext": "4d28c4ad97328403184353f68434f2b6973971507919e9150297413664919cf3",
    "https://esm.sh/@supabase/phoenix@0.4.5/denonext/phoenix.mjs": "40bd2a70829cd847848baac58e635bacd83fd62188f6624b44e2c295341004eb",
    "https://esm.sh/@supabase/postgrest-js@1.21.4/denonext/postgrest-js.mjs": "c3769b11ef02debc78ecf6ab4e152d3cf7dbd05bbbafeb72c160e76cc57cda3c",
    "https://esm.sh/@supabase/postgrest-js@1.21.4?target=denonext": "db2315bc0ff19690cd4239c5adb5f5787f5dea04955058ef1fca541d49555ed6",
    "https://esm.sh/@supabase/realtime-js@2.112.4/denonext/realtime-js.mjs": "35ec14d7e745569f5e5d2f8d3f8b4bb3861cd01b13ed651a6bcc871f7f8a2e15",
    "https://esm.sh/@supabase/realtime-js@2.112.4?target=denonext": "ec84d96bb69af12a116a9c6a763238f548836f1bf478fb496c0eb144baa423b5",
    "https://esm.sh/@supabase/storage-js@2.112.4/denonext/storage-js.mjs": "c2422fc663c9208e1ba0df1bf49c6d19b2b50a027e332972ad25b98aeec62a74",
    "https://esm.sh/@supabase/storage-js@2.112.4?target=denonext": "139726445eaec5cfb27b6a6d04323bb3290427821b7922da8fd3d8bf03cf2265",
    "https://esm.sh/@supabase/supabase-js@2.0.0": "9ad3ba5c16116566aed94f54eee127c1a6d25749372d4e078443b60c083a46c0",
    "https://esm.sh/@supabase/supabase-js@2.0.0/denonext/supabase-js.mjs": "78bbf2a9dc406c71e2ec5d81c0d464b53724d5b9f405f7b2dcc1de69ea4842e1",
    "https://esm.sh/iceberg-js@0.8.1/denonext/iceberg-js.mjs": "d839d81a2e3966500ca2cdd0c1cb458e9608bacfc91f7bb67a69b2e878dcdb4f",
    "https://esm.sh/iceberg-js@0.8.1?target=denonext": "58c849d7fe2bf4eca4a84eb501e83c161a7d8c34ca1bec15a962b3bec3062633",
    "https://esm.sh/tr46@0.0.3/denonext/tr46.mjs": "5753ec0a99414f4055f0c1f97691100f13d88e48a8443b00aebb90a512785fa2",
    "https://esm.sh/tr46@0.0.3?target=denonext": "19cb9be0f0d418a0c3abb81f2df31f080e9540a04e43b0f699bce1149cba0cbb",
    "https://esm.sh/tslib@2.8.1/denonext/tslib.mjs": "c38da5dd6da6281964435002ce204cd586634fe3bdfb24a0ee116f48cf3292e9",
    "https://esm.sh/webidl-conversions@3.0.1/denonext/webidl-conversions.mjs": "238cd0743827707cbc1c2d7c2cf1027dbc536fb53ec9a3fde0ff8026a3ac5385",
    "https://esm.sh/webidl-conversions@3.0.1?target=denonext": "4e20318d50528084616c79d7b3f6e7f0fe7b6d09013bd01b3974d7448d767e29",
    "https://esm.sh/whatwg-url@5.0.0/denonext/whatwg-url.mjs": "29b16d74ee72624c915745bbd25b617cfd2248c6af0f5120d131e232a9a9af79",
    "https://esm.sh/whatwg-url@5.0.0?target=denonext": "f001a2cadf81312d214ca330033f474e74d81a003e21e8c5d70a1f46dc97b02d"
  },
  "workspace": {
    "packageJson": {
      "dependencies": [
        "npm:@cloudflare/vite-plugin@^1.33.2",
        "npm:@dnd-kit/core@^6.3.1",
        "npm:@dnd-kit/sortable@10",
        "npm:@dnd-kit/utilities@^3.2.2",
        "npm:@eslint/js@^9.39.5",
        "npm:@google-cloud/pubsub@^5.3.0",
        "npm:@google-cloud/secret-manager@^6.1.1",
        "npm:@headlessui/react@^2.2.10",
        "npm:@questlabs/react-sdk@^2.2.898",
        "npm:@supabase/supabase-js@^2.108.2",
        "npm:@tailwindcss/postcss@^4.1.14",
        "npm:@tanstack/react-query@^5.99.0",
        "npm:@testing-library/jest-dom@^6.9.1",
        "npm:@testing-library/react@^16.3.2",
        "npm:@testing-library/user-event@^14.6.1",
        "npm:@thirdweb-dev/react@^4.9.4",
        "npm:@thirdweb-dev/sdk@^4.0.99",
        "npm:@vitejs/plugin-react@^5.2.0",
        "npm:@vitest/coverage-v8@^4.1.11",
        "npm:@xyflow/react@^12.10.2",
        "npm:autoprefixer@^10.4.20",
        "npm:axios@^1.13.1",
        "npm:baseline-browser-mapping@^2.10.20",
        "npm:bcryptjs@^3.0.3",
        "npm:compromise@^14.14.4",
        "npm:concurrently@^10.0.3",
        "npm:cors@^2.8.6",
        "npm:crypto-js@^4.2.0",
        "npm:date-fns@^4.1.0",
        "npm:dotenv@^17.4.2",
        "npm:echarts-for-react@^3.0.2",
        "npm:echarts@^5.6.0",
        "npm:electron-builder@^26.8.1",
        "npm:electron-updater@^6.6.2",
        "npm:electron@^41.3.0",
        "npm:eslint-plugin-react-hooks@^7.1.1",
        "npm:eslint-plugin-react-refresh@~0.4.26",
        "npm:eslint-plugin-react@^7.37.5",
        "npm:eslint@^9.39.5",
        "npm:ethers@^5.8.0",
        "npm:express@^5.2.1",
        "npm:framer-motion@^12.23.24",
        "npm:glob@^13.0.6",
        "npm:globals@^16.5.0",
        "npm:google-trends-api@^4.9.2",
        "npm:googleapis@173",
        "npm:js-cookie@^3.0.7",
        "npm:jsdom@^27.4.0",
        "npm:jsonwebtoken@^9.0.3",
        "npm:node-cron@^4.4.1",
        "npm:papaparse@^5.5.3",
        "npm:pdf-parse@^2.4.5",
        "npm:pg@^8.16.3",
        "npm:playwright@^1.56.0",
        "npm:postcss@^8.4.49",
        "npm:react-dom@^18.3.1",
        "npm:react-hot-toast@^2.6.0",
        "npm:react-icons@^5.5.0",
        "npm:react-is@^19.2.0",
        "npm:react-papaparse@^4.4.0",
        "npm:react-router-dom@^6.30.3",
        "npm:react-syntax-highlighter@^16.1.0",
        "npm:react@^18.3.1",
        "npm:recharts@^3.2.1",
        "npm:redis@^5.9.0",
        "npm:supertest@^7.2.2",
        "npm:tailwindcss@^4.1.14",
        "npm:ts-node@^10.9.2",
        "npm:typescript@^6.0.3",
        "npm:uuid@14",
        "npm:vite@^7.3.6",
        "npm:vitest@^4.1.11",
        "npm:wrangler@^4.76.0"
      ]
    }
  }
}
